version = 1
revision = 3
requires-python = "==3.12.*"
resolution-markers = [
    "platform_machine == 'arm64' and sys_platform == 'darwin'",
]
supported-markers = [
    "platform_machine == 'arm64' and sys_platform == 'darwin'",
]

[[package]]
name = "annotated-doc"
version = "0.0.4"
source = { registry = "https://pypi.org/simple" }
sdist = { url = "https://files.pythonhosted.org/packages/57/ba/046ceea27344560984e26a590f90bc7f4a75b06701f653222458922b558c/annotated_doc-0.0.4.tar.gz", hash = "sha256:fbcda96e87e9c92ad167c2e53839e57503ecfda18804ea28102353485033faa4", size = 7288, upload-time = "2025-11-10T22:07:42.062Z" }
wheels = [
    { url = "https://files.pythonhosted.org/packages/1e/d3/26bf1008eb3d2daa8ef4cacc7f3bfdc11818d111f7e2d0201bc6e3b49d45/annotated_doc-0.0.4-py3-none-any.whl", hash = "sha256:571ac1dc6991c450b25a9c2d84a3705e2ae7a53467b5d111c24fa8baabbed320", size = 5303, upload-time = "2025-11-10T22:07:40.673Z" },
]

[[package]]
name = "anyio"
version = "4.12.1"
source = { registry = "https://pypi.org/simple" }
dependencies = [
    { name = "idna", marker = "platform_machine == 'arm64' and sys_platform == 'darwin'" },
    { name = "typing-extensions", marker = "platform_machine == 'arm64' and sys_platform == 'darwin'" },
]
sdist = { url = "https://files.pythonhosted.org/packages/96/f0/5eb65b2bb0d09ac6776f2eb54adee6abe8228ea05b20a5ad0e4945de8aac/anyio-4.12.1.tar.gz", hash = "sha256:41cfcc3a4c85d3f05c932da7c26d0201ac36f72abd4435ba90d0464a3ffed703", size = 228685, upload-time = "2026-01-06T11:45:21.246Z" }
wheels = [
    { url = "https://files.pythonhosted.org/packages/38/0e/27be9fdef66e72d64c0cdc3cc2823101b80585f8119b5c112c2e8f5f7dab/anyio-4.12.1-py3-none-any.whl", hash = "sha256:d405828884fc140aa80a3c667b8beed277f1dfedec42ba031bd6ac3db606ab6c", size = 113592, upload-time = "2026-01-06T11:45:19.497Z" },
]

[[package]]
name = "certifi"
version = "2026.2.25"
source = { registry = "https://pypi.org/simple" }
sdist = { url = "https://files.pythonhosted.org/packages/af/2d/7bf41579a8986e348fa033a31cdd0e4121114f6bce2457e8876010b092dd/certifi-2026.2.25.tar.gz", hash = "sha256:e887ab5cee78ea814d3472169153c2d12cd43b14bd03329a39a9c6e2e80bfba7", size = 155029, upload-time = "2026-02-25T02:54:17.342Z" }
wheels = [
    { url = "https://files.pythonhosted.org/packages/9a/3c/c17fb3ca2d9c3acff52e30b309f538586f9f5b9c9cf454f3845fc9af4881/certifi-2026.2.25-py3-none-any.whl", hash = "sha256:027692e4402ad994f1c42e52a4997a9763c646b73e4096e4d5d6db8af1d6f0fa", size = 153684, upload-time = "2026-02-25T02:54:15.766Z" },
]

[[package]]
name = "click"
version = "8.3.1"
source = { registry = "https://pypi.org/simple" }
sdist = { url = "https://files.pythonhosted.org/packages/3d/fa/656b739db8587d7b5dfa22e22ed02566950fbfbcdc20311993483657a5c0/click-8.3.1.tar.gz", hash = "sha256:12ff4785d337a1bb490bb7e9c2b1ee5da3112e94a8622f26a6c77f5d2fc6842a", size = 295065, upload-time = "2025-11-15T20:45:42.706Z" }
wheels = [
    { url = "https://files.pythonhosted.org/packages/98/78/01c019cdb5d6498122777c1a43056ebb3ebfeef2076d9d026bfe15583b2b/click-8.3.1-py3-none-any.whl", hash = "sha256:981153a64e25f12d547d3426c367a4857371575ee7ad18df2a6183ab0545b2a6", size = 108274, upload-time = "2025-11-15T20:45:41.139Z" },
]

[[package]]
name = "filelock"
version = "3.25.2"
source = { registry = "https://pypi.org/simple" }
sdist = { url = "https://files.pythonhosted.org/packages/94/b8/00651a0f559862f3bb7d6f7477b192afe3f583cc5e26403b44e59a55ab34/filelock-3.25.2.tar.gz", hash = "sha256:b64ece2b38f4ca29dd3e810287aa8c48182bbecd1ae6e9ae126c9b35f1382694", size = 40480, upload-time = "2026-03-11T20:45:38.487Z" }
wheels = [
    { url = "https://files.pythonhosted.org/packages/a4/a5/842ae8f0c08b61d6484b52f99a03510a3a72d23141942d216ebe81fefbce/filelock-3.25.2-py3-none-any.whl", hash = "sha256:ca8afb0da15f229774c9ad1b455ed96e85a81373065fb10446672f64444ddf70", size = 26759, upload-time = "2026-03-11T20:45:37.437Z" },
]

[[package]]
name = "fsspec"
version = "2026.2.0"
source = { registry = "https://pypi.org/simple" }
sdist = { url = "https://files.pythonhosted.org/packages/51/7c/f60c259dcbf4f0c47cc4ddb8f7720d2dcdc8888c8e5ad84c73ea4531cc5b/fsspec-2026.2.0.tar.gz", hash = "sha256:6544e34b16869f5aacd5b90bdf1a71acb37792ea3ddf6125ee69a22a53fb8bff", size = 313441, upload-time = "2026-02-05T21:50:53.743Z" }
wheels = [
    { url = "https://files.pythonhosted.org/packages/e6/ab/fb21f4c939bb440104cc2b396d3be1d9b7a9fd3c6c2a53d98c45b3d7c954/fsspec-2026.2.0-py3-none-any.whl", hash = "sha256:98de475b5cb3bd66bedd5c4679e87b4fdfe1a3bf4d707b151b3c07e58c9a2437", size = 202505, upload-time = "2026-02-05T21:50:51.819Z" },
]

[[package]]
name = "h11"
version = "0.16.0"
source = { registry = "https://pypi.org/simple" }
sdist = { url = "https://files.pythonhosted.org/packages/01/ee/02a2c011bdab74c6fb3c75474d40b3052059d95df7e73351460c8588d963/h11-0.16.0.tar.gz", hash = "sha256:4e35b956cf45792e4caa5885e69fba00bdbc6ffafbfa020300e549b208ee5ff1", size = 101250, upload-time = "2025-04-24T03:35:25.427Z" }
wheels = [
    { url = "https://files.pythonhosted.org/packages/04/4b/29cac41a4d98d144bf5f6d33995617b185d14b22401f75ca86f384e87ff1/h11-0.16.0-py3-none-any.whl", hash = "sha256:63cf8bbe7522de3bf65932fda1d9c2772064ffb3dae62d55932da54b31cb6c86", size = 37515, upload-time = "2025-04-24T03:35:24.344Z" },
]

[[package]]
name = "hf-xet"
version = "1.4.2"
source = { registry = "https://pypi.org/simple" }
sdist = { url = "https://files.pythonhosted.org/packages/09/08/23c84a26716382c89151b5b447b4beb19e3345f3a93d3b73009a71a57ad3/hf_xet-1.4.2.tar.gz", hash = "sha256:b7457b6b482d9e0743bd116363239b1fa904a5e65deede350fbc0c4ea67c71ea", size = 672357, upload-time = "2026-03-13T06:58:51.077Z" }
wheels = [
    { url = "https://files.pythonhosted.org/packages/64/2e/af4475c32b4378b0e92a587adb1aa3ec53e3450fd3e5fe0372a874531c00/hf_xet-1.4.2-cp37-abi3-macosx_11_0_arm64.whl", hash = "sha256:e9b38d876e94d4bdcf650778d6ebbaa791dd28de08db9736c43faff06ede1b5a", size = 3559664, upload-time = "2026-03-13T06:58:34.787Z" },
]

[[package]]
name = "httpcore"
version = "1.0.9"
source = { registry = "https://pypi.org/simple" }
dependencies = [
    { name = "certifi", marker = "platform_machine == 'arm64' and sys_platform == 'darwin'" },
    { name = "h11", marker = "platform_machine == 'arm64' and sys_platform == 'darwin'" },
]
sdist = { url = "https://files.pythonhosted.org/packages/06/94/82699a10bca87a5556c9c59b5963f2d039dbd239f25bc2a63907a05a14cb/httpcore-1.0.9.tar.gz", hash = "sha256:6e34463af53fd2ab5d807f399a9b45ea31c3dfa2276f15a2c3f00afff6e176e8", size = 85484, upload-time = "2025-04-24T22:06:22.219Z" }
wheels = [
    { url = "https://files.pythonhosted.org/packages/7e/f5/f66802a942d491edb555dd61e3a9961140fd64c90bce1eafd741609d334d/httpcore-1.0.9-py3-none-any.whl", hash = "sha256:2d400746a40668fc9dec9810239072b40b4484b640a8c38fd654a024c7a1bf55", size = 78784, upload-time = "2025-04-24T22:06:20.566Z" },
]

[[package]]
name = "httpx"
version = "0.28.1"
source = { registry = "https://pypi.org/simple" }
dependencies = [
    { name = "anyio", marker = "platform_machine == 'arm64' and sys_platform == 'darwin'" },
    { name = "certifi", marker = "platform_machine == 'arm64' and sys_platform == 'darwin'" },
    { name = "httpcore", marker = "platform_machine == 'arm64' and sys_platform == 'darwin'" },
    { name = "idna", marker = "platform_machine == 'arm64' and sys_platform == 'darwin'" },
]
sdist = { url = "https://files.pythonhosted.org/packages/b1/df/48c586a5fe32a0f01324ee087459e112ebb7224f646c0b5023f5e79e9956/httpx-0.28.1.tar.gz", hash = "sha256:75e98c5f16b0f35b567856f597f06ff2270a374470a5c2392242528e3e3e42fc", size = 141406, upload-time = "2024-12-06T15:37:23.222Z" }
wheels = [
    { url = "https://files.pythonhosted.org/packages/2a/39/e50c7c3a983047577ee07d2a9e53faf5a69493943ec3f6a384bdc792deb2/httpx-0.28.1-py3-none-any.whl", hash = "sha256:d909fcccc110f8c7faf814ca82a9a4d816bc5a6dbfea25d6591d6985b8ba59ad", size = 73517, upload-time = "2024-12-06T15:37:21.509Z" },
]

[[package]]
name = "huggingface-hub"
version = "1.7.2"
source = { registry = "https://pypi.org/simple" }
dependencies = [
    { name = "filelock", marker = "platform_machine == 'arm64' and sys_platform == 'darwin'" },
    { name = "fsspec", marker = "platform_machine == 'arm64' and sys_platform == 'darwin'" },
    { name = "hf-xet", marker = "platform_machine == 'arm64' and sys_platform == 'darwin'" },
    { name = "httpx", marker = "platform_machine == 'arm64' and sys_platform == 'darwin'" },
    { name = "packaging", marker = "platform_machine == 'arm64' and sys_platform == 'darwin'" },
    { name = "pyyaml", marker = "platform_machine == 'arm64' and sys_platform == 'darwin'" },
    { name = "tqdm", marker = "platform_machine == 'arm64' and sys_platform == 'darwin'" },
    { name = "typer", marker = "platform_machine == 'arm64' and sys_platform == 'darwin'" },
    { name = "typing-extensions", marker = "platform_machine == 'arm64' and sys_platform == 'darwin'" },
]
sdist = { url = "https://files.pythonhosted.org/packages/19/15/eafc1c57bf0f8afffb243dcd4c0cceb785e956acc17bba4d9bf2ae21fc9c/huggingface_hub-1.7.2.tar.gz", hash = "sha256:7f7e294e9bbb822e025bdb2ada025fa4344d978175a7f78e824d86e35f7ab43b", size = 724684, upload-time = "2026-03-20T10:36:08.767Z" }
wheels = [
    { url = "https://files.pythonhosted.org/packages/08/de/3ad061a05f74728927ded48c90b73521b9a9328c85d841bdefb30e01fb85/huggingface_hub-1.7.2-py3-none-any.whl", hash = "sha256:288f33a0a17b2a73a1359e2a5fd28d1becb2c121748c6173ab8643fb342c850e", size = 618036, upload-time = "2026-03-20T10:36:06.824Z" },
]

[[package]]
name = "idna"
version = "3.11"
source = { registry = "https://pypi.org/simple" }
sdist = { url = "https://files.pythonhosted.org/packages/6f/6d/0703ccc57f3a7233505399edb88de3cbd678da106337b9fcde432b65ed60/idna-3.11.tar.gz", hash = "sha256:795dafcc9c04ed0c1fb032c2aa73654d8e8c5023a7df64a53f39190ada629902", size = 194582, upload-time = "2025-10-12T14:55:20.501Z" }
wheels = [
    { url = "https://files.pythonhosted.org/packages/0e/61/66938bbb5fc52dbdf84594873d5b51fb1f7c7794e9c0f5bd885f30bc507b/idna-3.11-py3-none-any.whl", hash = "sha256:771a87f49d9defaf64091e6e6fe9c18d4833f140bd19464795bc32d966ca37ea", size = 71008, upload-time = "2025-10-12T14:55:18.883Z" },
]

[[package]]
name = "iniconfig"
version = "2.3.0"
source = { registry = "https://pypi.org/simple" }
sdist = { url = "https://files.pythonhosted.org/packages/72/34/14ca021ce8e5dfedc35312d08ba8bf51fdd999c576889fc2c24cb97f4f10/iniconfig-2.3.0.tar.gz", hash = "sha256:c76315c77db068650d49c5b56314774a7804df16fee4402c1f19d6d15d8c4730", size = 20503, upload-time = "2025-10-18T21:55:43.219Z" }
wheels = [
    { url = "https://files.pythonhosted.org/packages/cb/b1/3846dd7f199d53cb17f49cba7e651e9ce294d8497c8c150530ed11865bb8/iniconfig-2.3.0-py3-none-any.whl", hash = "sha256:f631c04d2c48c52b84d0d0549c99ff3859c98df65b3101406327ecc7d53fbf12", size = 7484, upload-time = "2025-10-18T21:55:41.639Z" },
]

[[package]]
name = "jinja2"
version = "3.1.6"
source = { registry = "https://pypi.org/simple" }
dependencies = [
    { name = "markupsafe", marker = "platform_machine == 'arm64' and sys_platform == 'darwin'" },
]
sdist = { url = "https://files.pythonhosted.org/packages/df/bf/f7da0350254c0ed7c72f3e33cef02e048281fec7ecec5f032d4aac52226b/jinja2-3.1.6.tar.gz", hash = "sha256:0137fb05990d35f1275a587e9aee6d56da821fc83491a0fb838183be43f66d6d", size = 245115, upload-time = "2025-03-05T20:05:02.478Z" }
wheels = [
    { url = "https://files.pythonhosted.org/packages/62/a1/3d680cbfd5f4b8f15abc1d571870c5fc3e594bb582bc3b64ea099db13e56/jinja2-3.1.6-py3-none-any.whl", hash = "sha256:85ece4451f492d0c13c5dd7c13a64681a86afae63a5f347908daf103ce6d2f67", size = 134899, upload-time = "2025-03-05T20:05:00.369Z" },
]

[[package]]
name = "markdown-it-py"
version = "4.0.0"
source = { registry = "https://pypi.org/simple" }
dependencies = [
    { name = "mdurl", marker = "platform_machine == 'arm64' and sys_platform == 'darwin'" },
]
sdist = { url = "https://files.pythonhosted.org/packages/5b/f5/4ec618ed16cc4f8fb3b701563655a69816155e79e24a17b651541804721d/markdown_it_py-4.0.0.tar.gz", hash = "sha256:cb0a2b4aa34f932c007117b194e945bd74e0ec24133ceb5bac59009cda1cb9f3", size = 73070, upload-time = "2025-08-11T12:57:52.854Z" }
wheels = [
    { url = "https://files.pythonhosted.org/packages/94/54/e7d793b573f298e1c9013b8c4dade17d481164aa517d1d7148619c2cedbf/markdown_it_py-4.0.0-py3-none-any.whl", hash = "sha256:87327c59b172c5011896038353a81343b6754500a08cd7a4973bb48c6d578147", size = 87321, upload-time = "2025-08-11T12:57:51.923Z" },
]

[[package]]
name = "markupsafe"
version = "3.0.3"
source = { registry = "https://pypi.org/simple" }
sdist = { url = "https://files.pythonhosted.org/packages/7e/99/7690b6d4034fffd95959cbe0c02de8deb3098cc577c67bb6a24fe5d7caa7/markupsafe-3.0.3.tar.gz", hash = "sha256:722695808f4b6457b320fdc131280796bdceb04ab50fe1795cd540799ebe1698", size = 80313, upload-time = "2025-09-27T18:37:40.426Z" }
wheels = [
    { url = "https://files.pythonhosted.org/packages/9a/81/7e4e08678a1f98521201c3079f77db69fb552acd56067661f8c2f534a718/markupsafe-3.0.3-cp312-cp312-macosx_11_0_arm64.whl", hash = "sha256:1872df69a4de6aead3491198eaf13810b565bdbeec3ae2dc8780f14458ec73ce", size = 12020, upload-time = "2025-09-27T18:36:31.971Z" },
]

[[package]]
name = "mdurl"
version = "0.1.2"
source = { registry = "https://pypi.org/simple" }
sdist = { url = "https://files.pythonhosted.org/packages/d6/54/cfe61301667036ec958cb99bd3efefba235e65cdeb9c84d24a8293ba1d90/mdurl-0.1.2.tar.gz", hash = "sha256:bb413d29f5eea38f31dd4754dd7377d4465116fb207585f97bf925588687c1ba", size = 8729, upload-time = "2022-08-14T12:40:10.846Z" }
wheels = [
    { url = "https://files.pythonhosted.org/packages/b3/38/89ba8ad64ae25be8de66a6d463314cf1eb366222074cfda9ee839c56a4b4/mdurl-0.1.2-py3-none-any.whl", hash = "sha256:84008a41e51615a49fc9966191ff91509e3c40b939176e643fd50a5c2196b8f8", size = 9979, upload-time = "2022-08-14T12:40:09.779Z" },
]

[[package]]
name = "mlx"
version = "0.31.1"
source = { registry = "https://pypi.org/simple" }
dependencies = [
    { name = "mlx-metal", marker = "platform_machine == 'arm64' and sys_platform == 'darwin'" },
]
wheels = [
    { url = "https://files.pythonhosted.org/packages/38/29/71fe1f68756f515856e6930973c23245810d4aa3cd22fddd719d86a709dc/mlx-0.31.1-cp312-cp312-macosx_14_0_arm64.whl", hash = "sha256:8a63b31a398c9519f2bb0c81cf3865d9baca4ff573ffc31ead465d18286184e8", size = 574308, upload-time = "2026-03-12T02:16:10.256Z" },
    { url = "https://files.pythonhosted.org/packages/21/be/70654a2cee0d71fd10bd237a50a79d06ae51679a194db6a3b16c0c84e6a5/mlx-0.31.1-cp312-cp312-macosx_15_0_arm64.whl", hash = "sha256:a7a9347df4dcc41f0d16ff70b65650820af4879f686534b233b16826a22afa00", size = 574309, upload-time = "2026-03-12T02:16:11.577Z" },
    { url = "https://files.pythonhosted.org/packages/ad/69/c7bc7b04f76b0cbd678f328011d1634bd0bcfc2da45aba06e084cb031127/mlx-0.31.1-cp312-cp312-macosx_26_0_arm64.whl", hash = "sha256:6cdb797ea31787d1ce9e5be77991c4bd5cbf129ab15f7253b78e09737f535fce", size = 574289, upload-time = "2026-03-12T02:16:13.146Z" },
]

[[package]]
name = "mlx-lm"
version = "0.31.1"
source = { registry = "https://pypi.org/simple" }
dependencies = [
    { name = "jinja2", marker = "platform_machine == 'arm64' and sys_platform == 'darwin'" },
    { name = "mlx", marker = "platform_machine == 'arm64' and sys_platform == 'darwin'" },
    { name = "numpy", marker = "platform_machine == 'arm64' and sys_platform == 'darwin'" },
    { name = "protobuf", marker = "platform_machine == 'arm64' and sys_platform == 'darwin'" },
    { name = "pyyaml", marker = "platform_machine == 'arm64' and sys_platform == 'darwin'" },
    { name = "sentencepiece", marker = "platform_machine == 'arm64' and sys_platform == 'darwin'" },
    { name = "transformers", marker = "platform_machine == 'arm64' and sys_platform == 'darwin'" },
]
sdist = { url = "https://files.pythonhosted.org/packages/9e/f9/3f5597c62bd5733ebb3c9f96c33f2065db16353d743b8548bb05a01b7dd3/mlx_lm-0.31.1.tar.gz", hash = "sha256:1b2362ea301427004e5dda43b9241d751d4cb80eba641f6b85b29fc493affac5", size = 285473, upload-time = "2026-03-11T02:02:57.466Z" }
wheels = [
    { url = "https://files.pythonhosted.org/packages/3b/8e/2e40713fc673d7268e32222752919075c0024b02635af56531d9ee8317b5/mlx_lm-0.31.1-py3-none-any.whl", hash = "sha256:bfc3e08e919b87bebb6fe2dbea980ece8ae8ee7132b31421aa0923c4286ecfa0", size = 393971, upload-time = "2026-03-11T02:02:54.973Z" },
]

[[package]]
name = "mlx-metal"
version = "0.31.1"
source = { registry = "https://pypi.org/simple" }
wheels = [
    { url = "https://files.pythonhosted.org/packages/39/66/2313497fdbc7fbadf8e026c09366e3f049f9114e65ca4edc23cdb8699186/mlx_metal-0.31.1-py3-none-macosx_14_0_arm64.whl", hash = "sha256:70741174131dbf7fdd479cb730e06e08c358eac3bf7905d9e884e7960cfdd5b8", size = 38624074, upload-time = "2026-03-12T02:15:48.036Z" },
    { url = "https://files.pythonhosted.org/packages/c7/34/4c3c6890ce6095b2ab2ba2f5f15c9a7ba17208d47f8cacb572885a2dc0eb/mlx_metal-0.31.1-py3-none-macosx_15_0_arm64.whl", hash = "sha256:6c56bd8cd27743e635f5a90a22535af7c31bd22b4b126d46b6da2da52d72e413", size = 38618950, upload-time = "2026-03-12T02:15:51.908Z" },
    { url = "https://files.pythonhosted.org/packages/51/bc/987cb99e3aafb296aa11ce5133838a10eae8447edd53168d0804d4fb3a14/mlx_metal-0.31.1-py3-none-macosx_26_0_arm64.whl", hash = "sha256:e7324b7c56b519ae67c025d3ced07e5d35bc3a9f19d4c45fe4927f385148c59e", size = 49256543, upload-time = "2026-03-12T02:15:54.851Z" },
]

[[package]]
name = "numpy"
version = "2.4.3"
source = { registry = "https://pypi.org/simple" }
sdist = { url = "https://files.pythonhosted.org/packages/10/8b/c265f4823726ab832de836cdd184d0986dcf94480f81e8739692a7ac7af2/numpy-2.4.3.tar.gz", hash = "sha256:483a201202b73495f00dbc83796c6ae63137a9bdade074f7648b3e32613412dd", size = 20727743, upload-time = "2026-03-09T07:58:53.426Z" }
wheels = [
    { url = "https://files.pythonhosted.org/packages/74/1b/ee2abfc68e1ce728b2958b6ba831d65c62e1b13ce3017c13943f8f9b5b2e/numpy-2.4.3-cp312-cp312-macosx_11_0_arm64.whl", hash = "sha256:7395e69ff32526710748f92cd8c9849b361830968ea3e24a676f272653e8983e", size = 14696872, upload-time = "2026-03-09T07:56:26.991Z" },
    { url = "https://files.pythonhosted.org/packages/ba/d1/780400e915ff5638166f11ca9dc2c5815189f3d7cf6f8759a1685e586413/numpy-2.4.3-cp312-cp312-macosx_14_0_arm64.whl", hash = "sha256:abdce0f71dcb4a00e4e77f3faf05e4616ceccfe72ccaa07f47ee79cda3b7b0f4", size = 5203489, upload-time = "2026-03-09T07:56:29.414Z" },
]

[[package]]
name = "packaging"
version = "26.0"
source = { registry = "https://pypi.org/simple" }
sdist = { url = "https://files.pythonhosted.org/packages/65/ee/299d360cdc32edc7d2cf530f3accf79c4fca01e96ffc950d8a52213bd8e4/packaging-26.0.tar.gz", hash = "sha256:00243ae351a257117b6a241061796684b084ed1c516a08c48a3f7e147a9d80b4", size = 143416, upload-time = "2026-01-21T20:50:39.064Z" }
wheels = [
    { url = "https://files.pythonhosted.org/packages/b7/b9/c538f279a4e237a006a2c98387d081e9eb060d203d8ed34467cc0f0b9b53/packaging-26.0-py3-none-any.whl", hash = "sha256:b36f1fef9334a5588b4166f8bcd26a14e521f2b55e6b9de3aaa80d3ff7a37529", size = 74366, upload-time = "2026-01-21T20:50:37.788Z" },
]

[[package]]
name = "plaited-native-model-training"
version = "0.1.0"
source = { virtual = "." }

[package.dev-dependencies]
dev = [
    { name = "numpy", marker = "platform_machine == 'arm64' and sys_platform == 'darwin'" },
    { name = "pytest", marker = "platform_machine == 'arm64' and sys_platform == 'darwin'" },
    { name = "pyyaml", marker = "platform_machine == 'arm64' and sys_platform == 'darwin'" },
    { name = "ruff", marker = "platform_machine == 'arm64' and sys_platform == 'darwin'" },
]
mlx = [
    { name = "mlx", marker = "platform_machine == 'arm64' and sys_platform == 'darwin'" },
    { name = "mlx-lm", marker = "platform_machine == 'arm64' and sys_platform == 'darwin'" },
]

[package.metadata]

[package.metadata.requires-dev]
dev = [
    { name = "numpy", specifier = ">=2.3.0,<3" },
    { name = "pytest", specifier = ">=8.4.2,<9" },
    { name = "pyyaml", specifier = ">=6.0.2,<7" },
    { name = "ruff", specifier = ">=0.13.1,<0.14" },
]
mlx = [
    { name = "mlx", specifier = "==0.31.1" },
    { name = "mlx-lm", specifier = "==0.31.1" },
]

[[package]]
name = "pluggy"
version = "1.6.0"
source = { registry = "https://pypi.org/simple" }
sdist = { url = "https://files.pythonhosted.org/packages/f9/e2/3e91f31a7d2b083fe6ef3fa267035b518369d9511ffab804f839851d2779/pluggy-1.6.0.tar.gz", hash = "sha256:7dcc130b76258d33b90f61b658791dede3486c3e6bfb003ee5c9bfb396dd22f3", size = 69412, upload-time = "2025-05-15T12:30:07.975Z" }
wheels = [
    { url = "https://files.pythonhosted.org/packages/54/20/4d324d65cc6d9205fabedc306948156824eb9f0ee1633355a8f7ec5c66bf/pluggy-1.6.0-py3-none-any.whl", hash = "sha256:e920276dd6813095e9377c0bc5566d94c932c33b27a3e3945d8389c374dd4746", size = 20538, upload-time = "2025-05-15T12:30:06.134Z" },
]

[[package]]
name = "protobuf"
version = "7.34.1"
source = { registry = "https://pypi.org/simple" }
sdist = { url = "https://files.pythonhosted.org/packages/6b/6b/a0e95cad1ad7cc3f2c6821fcab91671bd5b78bd42afb357bb4765f29bc41/protobuf-7.34.1.tar.gz", hash = "sha256:9ce42245e704cc5027be797c1db1eb93184d44d1cdd71811fb2d9b25ad541280", size = 454708, upload-time = "2026-03-20T17:34:47.036Z" }
wheels = [
    { url = "https://files.pythonhosted.org/packages/ec/11/3325d41e6ee15bf1125654301211247b042563bcc898784351252549a8ad/protobuf-7.34.1-cp310-abi3-macosx_10_9_universal2.whl", hash = "sha256:d8b2cc79c4d8f62b293ad9b11ec3aebce9af481fa73e64556969f7345ebf9fc7", size = 429247, upload-time = "2026-03-20T17:34:37.024Z" },
    { url = "https://files.pythonhosted.org/packages/88/95/608f665226bca68b736b79e457fded9a2a38c4f4379a4a7614303d9db3bc/protobuf-7.34.1-py3-none-any.whl", hash = "sha256:bb3812cd53aefea2b028ef42bd780f5b96407247f20c6ef7c679807e9d188f11", size = 170715, upload-time = "2026-03-20T17:34:45.384Z" },
]

[[package]]
name = "pygments"
version = "2.19.2"
source = { registry = "https://pypi.org/simple" }
sdist = { url = "https://files.pythonhosted.org/packages/b0/77/a5b8c569bf593b0140bde72ea885a803b82086995367bf2037de0159d924/pygments-2.19.2.tar.gz", hash = "sha256:636cb2477cec7f8952536970bc533bc43743542f70392ae026374600add5b887", size = 4968631, upload-time = "2025-06-21T13:39:12.283Z" }
wheels = [
    { url = "https://files.pythonhosted.org/packages/c7/21/705964c7812476f378728bdf590ca4b771ec72385c533964653c68e86bdc/pygments-2.19.2-py3-none-any.whl", hash = "sha256:86540386c03d588bb81d44bc3928634ff26449851e99741617ecb9037ee5ec0b", size = 1225217, upload-time = "2025-06-21T13:39:07.939Z" },
]

[[package]]
name = "pytest"
version = "8.4.2"
source = { registry = "https://pypi.org/simple" }
dependencies = [
    { name = "iniconfig", marker = "platform_machine == 'arm64' and sys_platform == 'darwin'" },
    { name = "packaging", marker = "platform_machine == 'arm64' and sys_platform == 'darwin'" },
    { name = "pluggy", marker = "platform_machine == 'arm64' and sys_platform == 'darwin'" },
    { name = "pygments", marker = "platform_machine == 'arm64' and sys_platform == 'darwin'" },
]
sdist = { url = "https://files.pythonhosted.org/packages/a3/5c/00a0e072241553e1a7496d638deababa67c5058571567b92a7eaa258397c/pytest-8.4.2.tar.gz", hash = "sha256:86c0d0b93306b961d58d62a4db4879f27fe25513d4b969df351abdddb3c30e01", size = 1519618, upload-time = "2025-09-04T14:34:22.711Z" }
wheels = [
    { url = "https://files.pythonhosted.org/packages/a8/a4/20da314d277121d6534b3a980b29035dcd51e6744bd79075a6ce8fa4eb8d/pytest-8.4.2-py3-none-any.whl", hash = "sha256:872f880de3fc3a5bdc88a11b39c9710c3497a547cfa9320bc3c5e62fbf272e79", size = 365750, upload-time = "2025-09-04T14:34:20.226Z" },
]

[[package]]
name = "pyyaml"
version = "6.0.3"
source = { registry = "https://pypi.org/simple" }
sdist = { url = "https://files.pythonhosted.org/packages/05/8e/961c0007c59b8dd7729d542c61a4d537767a59645b82a0b521206e1e25c2/pyyaml-6.0.3.tar.gz", hash = "sha256:d76623373421df22fb4cf8817020cbb7ef15c725b9d5e45f17e189bfc384190f", size = 130960, upload-time = "2025-09-25T21:33:16.546Z" }
wheels = [
    { url = "https://files.pythonhosted.org/packages/89/a0/6cf41a19a1f2f3feab0e9c0b74134aa2ce6849093d5517a0c550fe37a648/pyyaml-6.0.3-cp312-cp312-macosx_11_0_arm64.whl", hash = "sha256:fc09d0aa354569bc501d4e787133afc08552722d3ab34836a80547331bb5d4a0", size = 173973, upload-time = "2025-09-25T21:32:12.492Z" },
]

[[package]]
name = "regex"
version = "2026.2.28"
source = { registry = "https://pypi.org/simple" }
sdist = { url = "https://files.pythonhosted.org/packages/8b/71/41455aa99a5a5ac1eaf311f5d8efd9ce6433c03ac1e0962de163350d0d97/regex-2026.2.28.tar.gz", hash = "sha256:a729e47d418ea11d03469f321aaf67cdee8954cde3ff2cf8403ab87951ad10f2", size = 415184, upload-time = "2026-02-28T02:19:42.792Z" }
wheels = [
    { url = "https://files.pythonhosted.org/packages/07/42/9061b03cf0fc4b5fa2c3984cbbaed54324377e440a5c5a29d29a72518d62/regex-2026.2.28-cp312-cp312-macosx_10_13_universal2.whl", hash = "sha256:fcf26c3c6d0da98fada8ae4ef0aa1c3405a431c0a77eb17306d38a89b02adcd7", size = 489574, upload-time = "2026-02-28T02:16:50.455Z" },
    { url = "https://files.pythonhosted.org/packages/9e/06/3ef1ac6910dc3295ebd71b1f9bfa737e82cfead211a18b319d45f85ddd09/regex-2026.2.28-cp312-cp312-macosx_11_0_arm64.whl", hash = "sha256:9b65d33a17101569f86d9c5966a8b1d7fbf8afdda5a8aa219301b0a80f58cf7d", size = 289200, upload-time = "2026-02-28T02:16:54.08Z" },
]

[[package]]
name = "rich"
version = "14.3.3"
source = { registry = "https://pypi.org/simple" }
dependencies = [
    { name = "markdown-it-py", marker = "platform_machine == 'arm64' and sys_platform == 'darwin'" },
    { name = "pygments", marker = "platform_machine == 'arm64' and sys_platform == 'darwin'" },
]
sdist = { url = "https://files.pythonhosted.org/packages/b3/c6/f3b320c27991c46f43ee9d856302c70dc2d0fb2dba4842ff739d5f46b393/rich-14.3.3.tar.gz", hash = "sha256:b8daa0b9e4eef54dd8cf7c86c03713f53241884e814f4e2f5fb342fe520f639b", size = 230582, upload-time = "2026-02-19T17:23:12.474Z" }
wheels = [
    { url = "https://files.pythonhosted.org/packages/14/25/b208c5683343959b670dc001595f2f3737e051da617f66c31f7c4fa93abc/rich-14.3.3-py3-none-any.whl", hash = "sha256:793431c1f8619afa7d3b52b2cdec859562b950ea0d4b6b505397612db8d5362d", size = 310458, upload-time = "2026-02-19T17:23:13.732Z" },
]

[[package]]
name = "ruff"
version = "0.13.3"
source = { registry = "https://pypi.org/simple" }
sdist = { url = "https://files.pythonhosted.org/packages/c7/8e/f9f9ca747fea8e3ac954e3690d4698c9737c23b51731d02df999c150b1c9/ruff-0.13.3.tar.gz", hash = "sha256:5b0ba0db740eefdfbcce4299f49e9eaefc643d4d007749d77d047c2bab19908e", size = 5438533, upload-time = "2025-10-02T19:29:31.582Z" }
wheels = [
    { url = "https://files.pythonhosted.org/packages/40/90/15649af836d88c9f154e5be87e64ae7d2b1baa5a3ef317cb0c8fafcd882d/ruff-0.13.3-py3-none-macosx_11_0_arm64.whl", hash = "sha256:fc6fa4637284708d6ed4e5e970d52fc3b76a557d7b4e85a53013d9d201d93286", size = 12346621, upload-time = "2025-10-02T19:28:54.712Z" },
]

[[package]]
name = "safetensors"
version = "0.7.0"
source = { registry = "https://pypi.org/simple" }
sdist = { url = "https://files.pythonhosted.org/packages/29/9c/6e74567782559a63bd040a236edca26fd71bc7ba88de2ef35d75df3bca5e/safetensors-0.7.0.tar.gz", hash = "sha256:07663963b67e8bd9f0b8ad15bb9163606cd27cc5a1b96235a50d8369803b96b0", size = 200878, upload-time = "2025-11-19T15:18:43.199Z" }
wheels = [
    { url = "https://files.pythonhosted.org/packages/e8/00/374c0c068e30cd31f1e1b46b4b5738168ec79e7689ca82ee93ddfea05109/safetensors-0.7.0-cp38-abi3-macosx_11_0_arm64.whl", hash = "sha256:94fd4858284736bb67a897a41608b5b0c2496c9bdb3bf2af1fa3409127f20d57", size = 447058, upload-time = "2025-11-19T15:18:34.416Z" },
]

[[package]]
name = "sentencepiece"
version = "0.2.1"
source = { registry = "https://pypi.org/simple" }
sdist = { url = "https://files.pythonhosted.org/packages/15/15/2e7a025fc62d764b151ae6d0f2a92f8081755ebe8d4a64099accc6f77ba6/sentencepiece-0.2.1.tar.gz", hash = "sha256:8138cec27c2f2282f4a34d9a016e3374cd40e5c6e9cb335063db66a0a3b71fad", size = 3228515, upload-time = "2025-08-12T07:00:51.718Z" }
wheels = [
    { url = "https://files.pythonhosted.org/packages/4a/be/32ce495aa1d0e0c323dcb1ba87096037358edee539cac5baf8755a6bd396/sentencepiece-0.2.1-cp312-cp312-macosx_10_13_universal2.whl", hash = "sha256:57cae326c8727de58c85977b175af132a7138d84c764635d7e71bbee7e774133", size = 1943152, upload-time = "2025-08-12T06:59:40.048Z" },
    { url = "https://files.pythonhosted.org/packages/19/84/42eb3ce4796777a1b5d3699dfd4dca85113e68b637f194a6c8d786f16a04/sentencepiece-0.2.1-cp312-cp312-macosx_11_0_arm64.whl", hash = "sha256:d9381351182ff9888cc80e41c632e7e274b106f450de33d67a9e8f6043da6f76", size = 1253645, upload-time = "2025-08-12T06:59:42.903Z" },
]

[[package]]
name = "shellingham"
version = "1.5.4"
source = { registry = "https://pypi.org/simple" }
sdist = { url = "https://files.pythonhosted.org/packages/58/15/8b3609fd3830ef7b27b655beb4b4e9c62313a4e8da8c676e142cc210d58e/shellingham-1.5.4.tar.gz", hash = "sha256:8dbca0739d487e5bd35ab3ca4b36e11c4078f3a234bfce294b0a0291363404de", size = 10310, upload-time = "2023-10-24T04:13:40.426Z" }
wheels = [
    { url = "https://files.pythonhosted.org/packages/e0/f9/0595336914c5619e5f28a1fb793285925a8cd4b432c9da0a987836c7f822/shellingham-1.5.4-py2.py3-none-any.whl", hash = "sha256:7ecfff8f2fd72616f7481040475a65b2bf8af90a56c89140852d1120324e8686", size = 9755, upload-time = "2023-10-24T04:13:38.866Z" },
]

[[package]]
name = "tokenizers"
version = "0.22.2"
source = { registry = "https://pypi.org/simple" }
dependencies = [
    { name = "huggingface-hub", marker = "platform_machine == 'arm64' and sys_platform == 'darwin'" },
]
sdist = { url = "https://files.pythonhosted.org/packages/73/6f/f80cfef4a312e1fb34baf7d85c72d4411afde10978d4657f8cdd811d3ccc/tokenizers-0.22.2.tar.gz", hash = "sha256:473b83b915e547aa366d1eee11806deaf419e17be16310ac0a14077f1e28f917", size = 372115, upload-time = "2026-01-05T10:45:15.988Z" }
wheels = [
    { url = "https://files.pythonhosted.org/packages/2e/47/174dca0502ef88b28f1c9e06b73ce33500eedfac7a7692108aec220464e7/tokenizers-0.22.2-cp39-abi3-macosx_11_0_arm64.whl", hash = "sha256:1e418a55456beedca4621dbab65a318981467a2b188e982a23e117f115ce5001", size = 2981472, upload-time = "2026-01-05T10:41:00.276Z" },
]

[[package]]
name = "tqdm"
version = "4.67.3"
source = { registry = "https://pypi.org/simple" }
sdist = { url = "https://files.pythonhosted.org/packages/09/a9/6ba95a270c6f1fbcd8dac228323f2777d886cb206987444e4bce66338dd4/tqdm-4.67.3.tar.gz", hash = "sha256:7d825f03f89244ef73f1d4ce193cb1774a8179fd96f31d7e1dcde62092b960bb", size = 169598, upload-time = "2026-02-03T17:35:53.048Z" }
wheels = [
    { url = "https://files.pythonhosted.org/packages/16/e1/3079a9ff9b8e11b846c6ac5c8b5bfb7ff225eee721825310c91b3b50304f/tqdm-4.67.3-py3-none-any.whl", hash = "sha256:ee1e4c0e59148062281c49d80b25b67771a127c85fc9676d3be5f243206826bf", size = 78374, upload-time = "2026-02-03T17:35:50.982Z" },
]

[[package]]
name = "transformers"
version = "5.3.0"
source = { registry = "https://pypi.org/simple" }
dependencies = [
    { name = "huggingface-hub", marker = "platform_machine == 'arm64' and sys_platform == 'darwin'" },
    { name = "numpy", marker = "platform_machine == 'arm64' and sys_platform == 'darwin'" },
    { name = "packaging", marker = "platform_machine == 'arm64' and sys_platform == 'darwin'" },
    { name = "pyyaml", marker = "platform_machine == 'arm64' and sys_platform == 'darwin'" },
    { name = "regex", marker = "platform_machine == 'arm64' and sys_platform == 'darwin'" },
    { name = "safetensors", marker = "platform_machine == 'arm64' and sys_platform == 'darwin'" },
    { name = "tokenizers", marker = "platform_machine == 'arm64' and sys_platform == 'darwin'" },
    { name = "tqdm", marker = "platform_machine == 'arm64' and sys_platform == 'darwin'" },
    { name = "typer", marker = "platform_machine == 'arm64' and sys_platform == 'darwin'" },
]
sdist = { url = "https://files.pythonhosted.org/packages/fc/1a/70e830d53ecc96ce69cfa8de38f163712d2b43ac52fbd743f39f56025c31/transformers-5.3.0.tar.gz", hash = "sha256:009555b364029da9e2946d41f1c5de9f15e6b1df46b189b7293f33a161b9c557", size = 8830831, upload-time = "2026-03-04T17:41:46.119Z" }
wheels = [
    { url = "https://files.pythonhosted.org/packages/b8/88/ae8320064e32679a5429a2c9ebbc05c2bf32cefb6e076f9b07f6d685a9b4/transformers-5.3.0-py3-none-any.whl", hash = "sha256:50ac8c89c3c7033444fb3f9f53138096b997ebb70d4b5e50a2e810bf12d3d29a", size = 10661827, upload-time = "2026-03-04T17:41:42.722Z" },
]

[[package]]
name = "typer"
version = "0.24.1"
source = { registry = "https://pypi.org/simple" }
dependencies = [
    { name = "annotated-doc", marker = "platform_machine == 'arm64' and sys_platform == 'darwin'" },
    { name = "click", marker = "platform_machine == 'arm64' and sys_platform == 'darwin'" },
    { name = "rich", marker = "platform_machine == 'arm64' and sys_platform == 'darwin'" },
    { name = "shellingham", marker = "platform_machine == 'arm64' and sys_platform == 'darwin'" },
]
sdist = { url = "https://files.pythonhosted.org/packages/f5/24/cb09efec5cc954f7f9b930bf8279447d24618bb6758d4f6adf2574c41780/typer-0.24.1.tar.gz", hash = "sha256:e39b4732d65fbdcde189ae76cf7cd48aeae72919dea1fdfc16593be016256b45", size = 118613, upload-time = "2026-02-21T16:54:40.609Z" }
wheels = [
    { url = "https://files.pythonhosted.org/packages/4a/91/48db081e7a63bb37284f9fbcefda7c44c277b18b0e13fbc36ea2335b71e6/typer-0.24.1-py3-none-any.whl", hash = "sha256:112c1f0ce578bfb4cab9ffdabc68f031416ebcc216536611ba21f04e9aa84c9e", size = 56085, upload-time = "2026-02-21T16:54:41.616Z" },
]

[[package]]
name = "typing-extensions"
version = "4.15.0"
source = { registry = "https://pypi.org/simple" }
sdist = { url = "https://files.pythonhosted.org/packages/72/94/1a15dd82efb362ac84269196e94cf00f187f7ed21c242792a923cdb1c61f/typing_extensions-4.15.0.tar.gz", hash = "sha256:0cea48d173cc12fa28ecabc3b837ea3cf6f38c6d1136f85cbaaf598984861466", size = 109391, upload-time = "2025-08-25T13:49:26.313Z" }
wheels = [
    { url = "https://files.pythonhosted.org/packages/18/67/36e9267722cc04a6b9f15c7f3441c2363321a3ea07da7ae0c0707beb2a9c/typing_extensions-4.15.0-py3-none-any.whl", hash = "sha256:f0fa19c6845758ab08074a0cfa8b7aecb71c999ca73d62883bc25cc018c4e548", size = 44614, upload-time = "2025-08-25T13:49:24.86Z" },
]
